
Microsoft Visual Studio Solution File, Format Version 12.00
# Visual Studio Version 17
VisualStudioVersion = 17.2.32630.192
MinimumVisualStudioVersion = 10.0.40219.1
Project("{FAE04EC0-301F-11D3-BF4B-00C04F79EFBC}") = "pga.api", "pga.api\pga.api.csproj", "{3E51A3A8-449C-49F9-AC96-863AAF58C4F0}"
EndProject
Project("{FAE04EC0-301F-11D3-BF4B-00C04F79EFBC}") = "pga.core", "pga.core\pga.core.csproj", "{6360AA71-8140-4A55-8299-CBCC513FED83}"
EndProject
Global
	GlobalSection(SolutionConfigurationPlatforms) = preSolution
		Debug|Any CPU = Debug|Any CPU
		Release|Any CPU = Release|Any CPU
	EndGlobalSection
	GlobalSection(ProjectConfigurationPlatforms) = postSolution
		{3E51A3A8-449C-49F9-AC96-863AAF58C4F0}.Debug|Any CPU.ActiveCfg = Debug|Any CPU
		{3E51A3A8-449C-49F9-AC96-863AAF58C4F0}.Debug|Any CPU.Build.0 = Debug|Any CPU
		{3E51A3A8-449C-49F9-AC96-863AAF58C4F0}.Release|Any CPU.ActiveCfg = Release|Any CPU
		{3E51A3A8-449C-49F9-AC96-863AAF58C4F0}.Release|Any CPU.Build.0 = Release|Any CPU
		{6360AA71-8140-4A55-8299-CBCC513FED83}.Debug|Any CPU.ActiveCfg = Debug|Any CPU
		{6360AA71-8140-4A55-8299-CBCC513FED83}.Debug|Any CPU.Build.0 = Debug|Any CPU
		{6360AA71-8140-4A55-8299-CBCC513FED83}.Release|Any CPU.ActiveCfg = Release|Any CPU
		{6360AA71-8140-4A55-8299-CBCC513FED83}.Release|Any CPU.Build.0 = Release|Any CPU
	EndGlobalSection
	GlobalSection(SolutionProperties) = preSolution
		HideSolutionNode = FALSE
	EndGlobalSection
	GlobalSection(ExtensibilityGlobals) = postSolution
		SolutionGuid = {AC3051B2-6A59-4BCD-95DC-511AB80FB9AD}
	EndGlobalSection
EndGlobal
